
Microsoft Visual Studio Solution File, Format Version 11.00
# Visual Studio 2010
Project("{8BC9CEB8-8B4A-11D0-8D11-00A0C91BC942}") = "SimpleSideScrollerFramework", "SimpleSideScrollerFramework\SimpleSideScrollerFramework.vcxproj", "{0D5925C9-0326-48F8-96D4-B5B84EF5C931}"
EndProject
Project("{8BC9CEB8-8B4A-11D0-8D11-00A0C91BC942}") = "DummyGame", "DummyGame\DummyGame.vcxproj", "{CC4776C5-859E-40C7-B238-867C16436B39}"
EndProject
Project("{8BC9CEB8-8B4A-11D0-8D11-00A0C91BC942}") = "StoryOfSaft", "StoryOfSaft\StoryOfSaft.vcxproj", "{D83FDA2B-3BF3-4053-8ECC-B1BC2F801D3A}"
EndProject
Global
	GlobalSection(SolutionConfigurationPlatforms) = preSolution
		Debug|Win32 = Debug|Win32
		Release|Win32 = Release|Win32
	EndGlobalSection
	GlobalSection(ProjectConfigurationPlatforms) = postSolution
		{0D5925C9-0326-48F8-96D4-B5B84EF5C931}.Debug|Win32.ActiveCfg = Debug|Win32
		{0D5925C9-0326-48F8-96D4-B5B84EF5C931}.Debug|Win32.Build.0 = Debug|Win32
		{0D5925C9-0326-48F8-96D4-B5B84EF5C931}.Release|Win32.ActiveCfg = Debug|Win32
		{0D5925C9-0326-48F8-96D4-B5B84EF5C931}.Release|Win32.Build.0 = Debug|Win32
		{CC4776C5-859E-40C7-B238-867C16436B39}.Debug|Win32.ActiveCfg = Debug|Win32
		{CC4776C5-859E-40C7-B238-867C16436B39}.Debug|Win32.Build.0 = Debug|Win32
		{CC4776C5-859E-40C7-B238-867C16436B39}.Release|Win32.ActiveCfg = Debug|Win32
		{CC4776C5-859E-40C7-B238-867C16436B39}.Release|Win32.Build.0 = Debug|Win32
		{D83FDA2B-3BF3-4053-8ECC-B1BC2F801D3A}.Debug|Win32.ActiveCfg = Debug|Win32
		{D83FDA2B-3BF3-4053-8ECC-B1BC2F801D3A}.Debug|Win32.Build.0 = Debug|Win32
		{D83FDA2B-3BF3-4053-8ECC-B1BC2F801D3A}.Release|Win32.ActiveCfg = Debug|Win32
		{D83FDA2B-3BF3-4053-8ECC-B1BC2F801D3A}.Release|Win32.Build.0 = Debug|Win32
	EndGlobalSection
	GlobalSection(SolutionProperties) = preSolution
		HideSolutionNode = FALSE
	EndGlobalSection
EndGlobal
