<?xml version="1.0" encoding="utf-8"?>
<Project ToolsVersion="4.0" xmlns="http://schemas.microsoft.com/developer/msbuild/2003">
  <ItemGroup>
    <Filter Include="Resource Files">
      <UniqueIdentifier>{67DA6AB6-F800-4c08-8B7A-83BB121AAD01}</UniqueIdentifier>
      <Extensions>rc;ico;cur;bmp;dlg;rc2;rct;bin;rgs;gif;jpg;jpeg;jpe;resx;tiff;tif;png;wav;mfcribbon-ms</Extensions>
    </Filter>
    <Filter Include="SoS_SourceCode">
      <UniqueIdentifier>{da3a417f-3bb0-4f0d-80da-320d30fca471}</UniqueIdentifier>
    </Filter>
  </ItemGroup>
  <ItemGroup>
    <None Include="ReadMe.txt" />
  </ItemGroup>
  <ItemGroup>
    <ClInclude Include="SoS_SourceCode\SoSDataLoader.h">
      <Filter>SoS_SourceCode</Filter>
    </ClInclude>
    <ClInclude Include="SoS_SourceCode\SoSGame.h">
      <Filter>SoS_SourceCode</Filter>
    </ClInclude>
    <ClInclude Include="SoS_SourceCode\SoSKeyEventHandler.h">
      <Filter>SoS_SourceCode</Filter>
    </ClInclude>
    <ClInclude Include="SoS_SourceCode\SoSTextGenerator.h">
      <Filter>SoS_SourceCode</Filter>
    </ClInclude>
    <ClInclude Include="SoS_SourceCode\SoSButtonEventHandler.h">
      <Filter>SoS_SourceCode</Filter>
    </ClInclude>
  </ItemGroup>
  <ItemGroup>
    <ClCompile Include="SoS_SourceCode\SoSDataLoader.cpp">
      <Filter>SoS_SourceCode</Filter>
    </ClCompile>
    <ClCompile Include="SoS_SourceCode\SoSGame.cpp">
      <Filter>SoS_SourceCode</Filter>
    </ClCompile>
    <ClCompile Include="SoS_SourceCode\SoSKeyEventHandler.cpp">
      <Filter>SoS_SourceCode</Filter>
    </ClCompile>
    <ClCompile Include="SoS_SourceCode\SoSTextGenerator.cpp">
      <Filter>SoS_SourceCode</Filter>
    </ClCompile>
    <ClCompile Include="SoS_SourceCode\SoSButtonEventHandler.cpp">
      <Filter>SoS_SourceCode</Filter>
    </ClCompile>
  </ItemGroup>
</Project>